<?xml version="1.0" encoding="UTF-8" standalone="yes" ?>
<CodeBlocks_project_file>
	<FileVersion major="1" minor="6" />
	<Project>
		<Option title="simple_m3u_player" />
		<Option pch_mode="2" />
		<Option compiler="gcc" />
		<Build>
			<Target title="Release">
				<Option output="bin/Release/simple_m3u_player" prefix_auto="1" extension_auto="1" />
				<Option object_output="obj/Release/" />
				<Option type="1" />
				<Option compiler="gcc" />
				<Option parameters="/home/luiz/Downloads/minhalista.m3u" />
				<Compiler>
					<Add option="-O2" />
					<Add option="`pkg-config --cflags gtk+-3.0`" />
					<Add option="`pkg-config --cflags libvlc`" />
				</Compiler>
				<Linker>
					<Add option="-s" />
					<Add option="`pkg-config --libs gtk+-3.0`" />
					<Add option="`pkg-config --libs libcurl`" />
					<Add option="`pkg-config --libs libvlc`" />
					<Add option="`pkg-config --libs x11`" />
					<Add option="-export-dynamic" />
				</Linker>
			</Target>
		</Build>
		<Compiler>
			<Add option="-Wall" />
		</Compiler>
		<Unit filename="main.c">
			<Option compilerVar="CC" />
		</Unit>
		<Extensions />
	</Project>
</CodeBlocks_project_file>
